
Microsoft Visual Studio Solution File, Format Version 12.00
# Visual Studio Version 17
VisualStudioVersion = 17.10.34928.147
MinimumVisualStudioVersion = 10.0.40219.1
Project("{FAE04EC0-301F-11D3-BF4B-00C04F79EFBC}") = "TemplatingRazor", "TemplatingRazor\TemplatingRazor.csproj", "{F7840460-5EF1-4BBD-BA4B-D9F36C002638}"
EndProject
Global
	GlobalSection(SolutionConfigurationPlatforms) = preSolution
		Debug|Any CPU = Debug|Any CPU
		Release|Any CPU = Release|Any CPU
	EndGlobalSection
	GlobalSection(ProjectConfigurationPlatforms) = postSolution
		{F7840460-5EF1-4BBD-BA4B-D9F36C002638}.Debug|Any CPU.ActiveCfg = Debug|Any CPU
		{F7840460-5EF1-4BBD-BA4B-D9F36C002638}.Debug|Any CPU.Build.0 = Debug|Any CPU
		{F7840460-5EF1-4BBD-BA4B-D9F36C002638}.Release|Any CPU.ActiveCfg = Release|Any CPU
		{F7840460-5EF1-4BBD-BA4B-D9F36C002638}.Release|Any CPU.Build.0 = Release|Any CPU
	EndGlobalSection
	GlobalSection(SolutionProperties) = preSolution
		HideSolutionNode = FALSE
	EndGlobalSection
	GlobalSection(ExtensibilityGlobals) = postSolution
		SolutionGuid = {6AD67F7B-C62F-4D9E-A867-29468120D990}
	EndGlobalSection
EndGlobal
